
Microsoft Visual Studio Solution File, Format Version 12.00
# Visual Studio 15
VisualStudioVersion = 15.0.28307.902
MinimumVisualStudioVersion = 10.0.40219.1
Project("{9A19103F-16F7-4668-BE54-9A1E7A4F7556}") = "musiq", "musiq.csproj", "{B79274B4-141B-493A-9105-F85E7F813F15}"
EndProject
Global
	GlobalSection(SolutionConfigurationPlatforms) = preSolution
		Debug|Any CPU = Debug|Any CPU
		Release|Any CPU = Release|Any CPU
	EndGlobalSection
	GlobalSection(ProjectConfigurationPlatforms) = postSolution
		{B79274B4-141B-493A-9105-F85E7F813F15}.Debug|Any CPU.ActiveCfg = Debug|Any CPU
		{B79274B4-141B-493A-9105-F85E7F813F15}.Debug|Any CPU.Build.0 = Debug|Any CPU
		{B79274B4-141B-493A-9105-F85E7F813F15}.Release|Any CPU.ActiveCfg = Release|Any CPU
		{B79274B4-141B-493A-9105-F85E7F813F15}.Release|Any CPU.Build.0 = Release|Any CPU
	EndGlobalSection
	GlobalSection(SolutionProperties) = preSolution
		HideSolutionNode = FALSE
	EndGlobalSection
	GlobalSection(ExtensibilityGlobals) = postSolution
		SolutionGuid = {92F24311-BA8B-4385-AD54-59A86C2DD575}
	EndGlobalSection
EndGlobal
